{
  "name": "data-structures-and-algorithms",
  "lockfileVersion": 2,
  "requires": true,
  "packages": {
    "": {
      "dependencies": {
        "install": "^0.13.0"
      },
      "devDependencies": {
        "@types/mocha": "^10.0.0"
      }
    },
    "node_modules/@types/mocha": {
      "version": "10.0.0",
      "resolved": "https://registry.npmjs.org/@types/mocha/-/mocha-10.0.0.tgz",
      "integrity": "sha512-rADY+HtTOA52l9VZWtgQfn4p+UDVM2eDVkMZT1I6syp0YKxW2F9v+0pbRZLsvskhQv/vMb6ZfCay81GHbz5SHg==",
      "dev": true
    },
    "node_modules/install": {
      "version": "0.13.0",
      "resolved": "https://registry.npmjs.org/install/-/install-0.13.0.tgz",
      "integrity": "sha512-zDml/jzr2PKU9I8J/xyZBQn8rPCAY//UOYNmR01XwNwyfhEWObo2SWfSl1+0tm1u6PhxLwDnfsT/6jB7OUxqFA==",
      "engines": {
        "node": ">= 0.10"
      }
    }
  },
  "dependencies": {
    "@types/mocha": {
      "version": "10.0.0",
      "resolved": "https://registry.npmjs.org/@types/mocha/-/mocha-10.0.0.tgz",
      "integrity": "sha512-rADY+HtTOA52l9VZWtgQfn4p+UDVM2eDVkMZT1I6syp0YKxW2F9v+0pbRZLsvskhQv/vMb6ZfCay81GHbz5SHg==",
      "dev": true
    },
    "install": {
      "version": "0.13.0",
      "resolved": "https://registry.npmjs.org/install/-/install-0.13.0.tgz",
      "integrity": "sha512-zDml/jzr2PKU9I8J/xyZBQn8rPCAY//UOYNmR01XwNwyfhEWObo2SWfSl1+0tm1u6PhxLwDnfsT/6jB7OUxqFA=="
    }
  }
}
